
Microsoft Visual Studio Solution File, Format Version 12.00
# Visual Studio 15
VisualStudioVersion = 15.0.26124.0
MinimumVisualStudioVersion = 15.0.26124.0
Project("{2150E333-8FDC-42A3-9474-1A3956D46DE8}") = "src", "src", "{F2F33295-A358-4646-92FA-9EF303428EF8}"
EndProject
Project("{F2A71F9B-5D33-465A-A702-920D77279786}") = "Library", "src\Library\Library.fsproj", "{9099764B-7801-458D-A9D5-3565EF6FDBF3}"
EndProject
Project("{F2A71F9B-5D33-465A-A702-920D77279786}") = "App", "src\App\App.fsproj", "{9BBEE3FD-5F53-4ABB-B8FD-408E1A3DDE74}"
EndProject
Global
	GlobalSection(SolutionConfigurationPlatforms) = preSolution
		Debug|Any CPU = Debug|Any CPU
		Debug|x64 = Debug|x64
		Debug|x86 = Debug|x86
		Release|Any CPU = Release|Any CPU
		Release|x64 = Release|x64
		Release|x86 = Release|x86
	EndGlobalSection
	GlobalSection(SolutionProperties) = preSolution
		HideSolutionNode = FALSE
	EndGlobalSection
	GlobalSection(ProjectConfigurationPlatforms) = postSolution
		{9099764B-7801-458D-A9D5-3565EF6FDBF3}.Debug|Any CPU.ActiveCfg = Debug|Any CPU
		{9099764B-7801-458D-A9D5-3565EF6FDBF3}.Debug|Any CPU.Build.0 = Debug|Any CPU
		{9099764B-7801-458D-A9D5-3565EF6FDBF3}.Debug|x64.ActiveCfg = Debug|x64
		{9099764B-7801-458D-A9D5-3565EF6FDBF3}.Debug|x64.Build.0 = Debug|x64
		{9099764B-7801-458D-A9D5-3565EF6FDBF3}.Debug|x86.ActiveCfg = Debug|x86
		{9099764B-7801-458D-A9D5-3565EF6FDBF3}.Debug|x86.Build.0 = Debug|x86
		{9099764B-7801-458D-A9D5-3565EF6FDBF3}.Release|Any CPU.ActiveCfg = Release|Any CPU
		{9099764B-7801-458D-A9D5-3565EF6FDBF3}.Release|Any CPU.Build.0 = Release|Any CPU
		{9099764B-7801-458D-A9D5-3565EF6FDBF3}.Release|x64.ActiveCfg = Release|x64
		{9099764B-7801-458D-A9D5-3565EF6FDBF3}.Release|x64.Build.0 = Release|x64
		{9099764B-7801-458D-A9D5-3565EF6FDBF3}.Release|x86.ActiveCfg = Release|x86
		{9099764B-7801-458D-A9D5-3565EF6FDBF3}.Release|x86.Build.0 = Release|x86
		{9BBEE3FD-5F53-4ABB-B8FD-408E1A3DDE74}.Debug|Any CPU.ActiveCfg = Debug|Any CPU
		{9BBEE3FD-5F53-4ABB-B8FD-408E1A3DDE74}.Debug|Any CPU.Build.0 = Debug|Any CPU
		{9BBEE3FD-5F53-4ABB-B8FD-408E1A3DDE74}.Debug|x64.ActiveCfg = Debug|x64
		{9BBEE3FD-5F53-4ABB-B8FD-408E1A3DDE74}.Debug|x64.Build.0 = Debug|x64
		{9BBEE3FD-5F53-4ABB-B8FD-408E1A3DDE74}.Debug|x86.ActiveCfg = Debug|x86
		{9BBEE3FD-5F53-4ABB-B8FD-408E1A3DDE74}.Debug|x86.Build.0 = Debug|x86
		{9BBEE3FD-5F53-4ABB-B8FD-408E1A3DDE74}.Release|Any CPU.ActiveCfg = Release|Any CPU
		{9BBEE3FD-5F53-4ABB-B8FD-408E1A3DDE74}.Release|Any CPU.Build.0 = Release|Any CPU
		{9BBEE3FD-5F53-4ABB-B8FD-408E1A3DDE74}.Release|x64.ActiveCfg = Release|x64
		{9BBEE3FD-5F53-4ABB-B8FD-408E1A3DDE74}.Release|x64.Build.0 = Release|x64
		{9BBEE3FD-5F53-4ABB-B8FD-408E1A3DDE74}.Release|x86.ActiveCfg = Release|x86
		{9BBEE3FD-5F53-4ABB-B8FD-408E1A3DDE74}.Release|x86.Build.0 = Release|x86
	EndGlobalSection
	GlobalSection(NestedProjects) = preSolution
		{9099764B-7801-458D-A9D5-3565EF6FDBF3} = {F2F33295-A358-4646-92FA-9EF303428EF8}
		{9BBEE3FD-5F53-4ABB-B8FD-408E1A3DDE74} = {F2F33295-A358-4646-92FA-9EF303428EF8}
	EndGlobalSection
EndGlobal
